<?xml version="1.0" encoding="utf-8"?>
<Project ToolsVersion="4.0" xmlns="http://schemas.microsoft.com/developer/msbuild/2003">
  <ItemGroup>
    <Filter Include="Source Files">
      <UniqueIdentifier>{4FC737F1-C7A5-4376-A066-2A32D752A2FF}</UniqueIdentifier>
      <Extensions>cpp;c;cc;cxx;def;odl;idl;hpj;bat;asm;asmx</Extensions>
    </Filter>
    <Filter Include="Header Files">
      <UniqueIdentifier>{93995380-89BD-4b04-88EB-625FBE52EBFB}</UniqueIdentifier>
      <Extensions>h;hpp;hxx;hm;inl;inc;xsd</Extensions>
    </Filter>
    <Filter Include="Resource Files">
      <UniqueIdentifier>{67DA6AB6-F800-4c08-8B7A-83BB121AAD01}</UniqueIdentifier>
      <Extensions>rc;ico;cur;bmp;dlg;rc2;rct;bin;rgs;gif;jpg;jpeg;jpe;resx;tiff;tif;png;wav;mfcribbon-ms</Extensions>
    </Filter>
  </ItemGroup>
  <ItemGroup>
    <Text Include="ReadMe.txt" />
  </ItemGroup>
  <ItemGroup>
    <ClInclude Include="socket_server.h">
      <Filter>Header Files</Filter>
    </ClInclude>
    <ClInclude Include="http_request.h">
      <Filter>Header Files</Filter>
    </ClInclude>
    <ClInclude Include="thread_pool.h">
      <Filter>Header Files</Filter>
    </ClInclude>
    <ClInclude Include="http_connexion.h">
      <Filter>Header Files</Filter>
    </ClInclude>
    <ClInclude Include="socket_helper.h">
      <Filter>Header Files</Filter>
    </ClInclude>
    <ClInclude Include="webfront.h">
      <Filter>Header Files</Filter>
    </ClInclude>
    <ClInclude Include="page.h">
      <Filter>Header Files</Filter>
    </ClInclude>
    <ClInclude Include="xmldoc.h">
      <Filter>Header Files</Filter>
    </ClInclude>
    <ClInclude Include="xmldoc_document_fragment.h">
      <Filter>Header Files</Filter>
    </ClInclude>
    <ClInclude Include="xmldoc_document.h">
      <Filter>Header Files</Filter>
    </ClInclude>
    <ClInclude Include="xmldoc_node.h">
      <Filter>Header Files</Filter>
    </ClInclude>
    <ClInclude Include="xmldoc_named_node_map.h">
      <Filter>Header Files</Filter>
    </ClInclude>
    <ClInclude Include="xmldoc_node_list.h">
      <Filter>Header Files</Filter>
    </ClInclude>
    <ClInclude Include="xmldoc_character_data.h">
      <Filter>Header Files</Filter>
    </ClInclude>
    <ClInclude Include="xmldoc_comment.h">
      <Filter>Header Files</Filter>
    </ClInclude>
    <ClInclude Include="xmldoc_attr.h">
      <Filter>Header Files</Filter>
    </ClInclude>
    <ClInclude Include="xmldoc_element.h">
      <Filter>Header Files</Filter>
    </ClInclude>
    <ClInclude Include="xmldoc_document_type.h">
      <Filter>Header Files</Filter>
    </ClInclude>
    <ClInclude Include="xmldoc_dom_exception.h">
      <Filter>Header Files</Filter>
    </ClInclude>
    <ClInclude Include="xmldoc_dom_implementation.h">
      <Filter>Header Files</Filter>
    </ClInclude>
    <ClInclude Include="xmldoc_text.h">
      <Filter>Header Files</Filter>
    </ClInclude>
    <ClInclude Include="xmldoc_c_data_section.h">
      <Filter>Header Files</Filter>
    </ClInclude>
    <ClInclude Include="xmldoc_processing_instruction.h">
      <Filter>Header Files</Filter>
    </ClInclude>
    <ClInclude Include="xmldoc_entity_reference.h">
      <Filter>Header Files</Filter>
    </ClInclude>
  </ItemGroup>
  <ItemGroup>
    <ClCompile Include="HTTPServer.cpp">
      <Filter>Source Files</Filter>
    </ClCompile>
    <ClCompile Include="socket_server.cpp">
      <Filter>Source Files</Filter>
    </ClCompile>
    <ClCompile Include="http_request.cpp">
      <Filter>Source Files</Filter>
    </ClCompile>
    <ClCompile Include="thread_pool.cpp">
      <Filter>Source Files</Filter>
    </ClCompile>
    <ClCompile Include="http_connexion.cpp">
      <Filter>Source Files</Filter>
    </ClCompile>
    <ClCompile Include="xmldoc.cpp">
      <Filter>Source Files</Filter>
    </ClCompile>
    <ClCompile Include="xmldoc_character_data.cpp">
      <Filter>Source Files</Filter>
    </ClCompile>
    <ClCompile Include="xmldoc_document.cpp">
      <Filter>Source Files</Filter>
    </ClCompile>
    <ClCompile Include="webfront.cpp">
      <Filter>Source Files</Filter>
    </ClCompile>
    <ClCompile Include="xmldoc_attr.cpp">
      <Filter>Source Files</Filter>
    </ClCompile>
    <ClCompile Include="xmldoc_node.cpp">
      <Filter>Source Files</Filter>
    </ClCompile>
    <ClCompile Include="xmldoc_element.cpp">
      <Filter>Source Files</Filter>
    </ClCompile>
    <ClCompile Include="xmldoc_text.cpp">
      <Filter>Source Files</Filter>
    </ClCompile>
    <ClCompile Include="xmldoc_dom_implementation.cpp">
      <Filter>Source Files</Filter>
    </ClCompile>
    <ClCompile Include="xmldoc_document_type.cpp">
      <Filter>Source Files</Filter>
    </ClCompile>
    <ClCompile Include="xmldoc_named_node_map.cpp">
      <Filter>Source Files</Filter>
    </ClCompile>
  </ItemGroup>
</Project>